// !$*UTF8*$!
{
	archiveVersion = 1;
	classes = {
	};
	objectVersion = 56;
	objects = {

/* Begin PBXBuildFile section */
		87ECC89029EFD8B20084938B /* AppDelegate.swift in Sources */ = {isa = PBXBuildFile; fileRef = 87ECC88F29EFD8B20084938B /* AppDelegate.swift */; };
		87ECC89229EFD8B20084938B /* SceneDelegate.swift in Sources */ = {isa = PBXBuildFile; fileRef = 87ECC89129EFD8B20084938B /* SceneDelegate.swift */; };
		87ECC89429EFD8B20084938B /* ConversationsViewController.swift in Sources */ = {isa = PBXBuildFile; fileRef = 87ECC89329EFD8B20084938B /* ConversationsViewController.swift */; };
		87ECC89729EFD8B20084938B /* Main.storyboard in Resources */ = {isa = PBXBuildFile; fileRef = 87ECC89529EFD8B20084938B /* Main.storyboard */; };
		87ECC89929EFD8B20084938B /* Assets.xcassets in Resources */ = {isa = PBXBuildFile; fileRef = 87ECC89829EFD8B20084938B /* Assets.xcassets */; };
		87ECC89C29EFD8B20084938B /* LaunchScreen.storyboard in Resources */ = {isa = PBXBuildFile; fileRef = 87ECC89A29EFD8B20084938B /* LaunchScreen.storyboard */; };
		87ECC8A929EFD9900084938B /* LoginViewController.swift in Sources */ = {isa = PBXBuildFile; fileRef = 87ECC8A829EFD9900084938B /* LoginViewController.swift */; };
		87ECC8AB29EFD9B20084938B /* RegisterViewController.swift in Sources */ = {isa = PBXBuildFile; fileRef = 87ECC8AA29EFD9B20084938B /* RegisterViewController.swift */; };
		87ECC8AD29EFD9D60084938B /* VideoPlayerViewController.swift in Sources */ = {isa = PBXBuildFile; fileRef = 87ECC8AC29EFD9D60084938B /* VideoPlayerViewController.swift */; };
		87ECC8AF29EFD9EB0084938B /* NewConversationViewController.swift in Sources */ = {isa = PBXBuildFile; fileRef = 87ECC8AE29EFD9EB0084938B /* NewConversationViewController.swift */; };
		87ECC8B129EFD9FF0084938B /* ProfileViewController.swift in Sources */ = {isa = PBXBuildFile; fileRef = 87ECC8B029EFD9FF0084938B /* ProfileViewController.swift */; };
		87ECC8B329EFDA170084938B /* PhotoViewerViewController.swift in Sources */ = {isa = PBXBuildFile; fileRef = 87ECC8B229EFDA170084938B /* PhotoViewerViewController.swift */; };
		87ECC8B529EFDA290084938B /* ChatViewController.swift in Sources */ = {isa = PBXBuildFile; fileRef = 87ECC8B429EFDA290084938B /* ChatViewController.swift */; };
		87ECC8B729EFDA660084938B /* ConversationTableViewCell.swift in Sources */ = {isa = PBXBuildFile; fileRef = 87ECC8B629EFDA660084938B /* ConversationTableViewCell.swift */; };
		87ECC8B929EFDA800084938B /* NewConversationCell.swift in Sources */ = {isa = PBXBuildFile; fileRef = 87ECC8B829EFDA800084938B /* NewConversationCell.swift */; };
		87ECC8BE29EFDAE00084938B /* Extension.swift in Sources */ = {isa = PBXBuildFile; fileRef = 87ECC8BD29EFDAE00084938B /* Extension.swift */; };
		87ECC8C029EFDAFE0084938B /* DatabaseManager.swift in Sources */ = {isa = PBXBuildFile; fileRef = 87ECC8BF29EFDAFE0084938B /* DatabaseManager.swift */; };
		87ECC8C229EFDB130084938B /* StorageManager.swift in Sources */ = {isa = PBXBuildFile; fileRef = 87ECC8C129EFDB130084938B /* StorageManager.swift */; };
/* End PBXBuildFile section */

/* Begin PBXFileReference section */
		87ECC88C29EFD8B20084938B /* Telesapp.app */ = {isa = PBXFileReference; explicitFileType = wrapper.application; includeInIndex = 0; path = Telesapp.app; sourceTree = BUILT_PRODUCTS_DIR; };
		87ECC88F29EFD8B20084938B /* AppDelegate.swift */ = {isa = PBXFileReference; lastKnownFileType = sourcecode.swift; path = AppDelegate.swift; sourceTree = "<group>"; };
		87ECC89129EFD8B20084938B /* SceneDelegate.swift */ = {isa = PBXFileReference; lastKnownFileType = sourcecode.swift; path = SceneDelegate.swift; sourceTree = "<group>"; };
		87ECC89329EFD8B20084938B /* ConversationsViewController.swift */ = {isa = PBXFileReference; lastKnownFileType = sourcecode.swift; path = ConversationsViewController.swift; sourceTree = "<group>"; };
		87ECC89629EFD8B20084938B /* Base */ = {isa = PBXFileReference; lastKnownFileType = file.storyboard; name = Base; path = Base.lproj/Main.storyboard; sourceTree = "<group>"; };
		87ECC89829EFD8B20084938B /* Assets.xcassets */ = {isa = PBXFileReference; lastKnownFileType = folder.assetcatalog; path = Assets.xcassets; sourceTree = "<group>"; };
		87ECC89B29EFD8B20084938B /* Base */ = {isa = PBXFileReference; lastKnownFileType = file.storyboard; name = Base; path = Base.lproj/LaunchScreen.storyboard; sourceTree = "<group>"; };
		87ECC89D29EFD8B20084938B /* Info.plist */ = {isa = PBXFileReference; lastKnownFileType = text.plist.xml; path = Info.plist; sourceTree = "<group>"; };
		87ECC8A829EFD9900084938B /* LoginViewController.swift */ = {isa = PBXFileReference; lastKnownFileType = sourcecode.swift; path = LoginViewController.swift; sourceTree = "<group>"; };
		87ECC8AA29EFD9B20084938B /* RegisterViewController.swift */ = {isa = PBXFileReference; lastKnownFileType = sourcecode.swift; path = RegisterViewController.swift; sourceTree = "<group>"; };
		87ECC8AC29EFD9D60084938B /* VideoPlayerViewController.swift */ = {isa = PBXFileReference; lastKnownFileType = sourcecode.swift; path = VideoPlayerViewController.swift; sourceTree = "<group>"; };
		87ECC8AE29EFD9EB0084938B /* NewConversationViewController.swift */ = {isa = PBXFileReference; lastKnownFileType = sourcecode.swift; path = NewConversationViewController.swift; sourceTree = "<group>"; };
		87ECC8B029EFD9FF0084938B /* ProfileViewController.swift */ = {isa = PBXFileReference; lastKnownFileType = sourcecode.swift; path = ProfileViewController.swift; sourceTree = "<group>"; };
		87ECC8B229EFDA170084938B /* PhotoViewerViewController.swift */ = {isa = PBXFileReference; lastKnownFileType = sourcecode.swift; path = PhotoViewerViewController.swift; sourceTree = "<group>"; };
		87ECC8B429EFDA290084938B /* ChatViewController.swift */ = {isa = PBXFileReference; lastKnownFileType = sourcecode.swift; path = ChatViewController.swift; sourceTree = "<group>"; };
		87ECC8B629EFDA660084938B /* ConversationTableViewCell.swift */ = {isa = PBXFileReference; lastKnownFileType = sourcecode.swift; path = ConversationTableViewCell.swift; sourceTree = "<group>"; };
		87ECC8B829EFDA800084938B /* NewConversationCell.swift */ = {isa = PBXFileReference; lastKnownFileType = sourcecode.swift; path = NewConversationCell.swift; sourceTree = "<group>"; };
		87ECC8BD29EFDAE00084938B /* Extension.swift */ = {isa = PBXFileReference; lastKnownFileType = sourcecode.swift; path = Extension.swift; sourceTree = "<group>"; };
		87ECC8BF29EFDAFE0084938B /* DatabaseManager.swift */ = {isa = PBXFileReference; lastKnownFileType = sourcecode.swift; path = DatabaseManager.swift; sourceTree = "<group>"; };
		87ECC8C129EFDB130084938B /* StorageManager.swift */ = {isa = PBXFileReference; lastKnownFileType = sourcecode.swift; path = StorageManager.swift; sourceTree = "<group>"; };
/* End PBXFileReference section */

/* Begin PBXFrameworksBuildPhase section */
		87ECC88929EFD8B20084938B /* Frameworks */ = {
			isa = PBXFrameworksBuildPhase;
			buildActionMask = 2147483647;
			files = (
			);
			runOnlyForDeploymentPostprocessing = 0;
		};
/* End PBXFrameworksBuildPhase section */

/* Begin PBXGroup section */
		87ECC88329EFD8B20084938B = {
			isa = PBXGroup;
			children = (
				87ECC88E29EFD8B20084938B /* Telesapp */,
				87ECC88D29EFD8B20084938B /* Products */,
			);
			sourceTree = "<group>";
		};
		87ECC88D29EFD8B20084938B /* Products */ = {
			isa = PBXGroup;
			children = (
				87ECC88C29EFD8B20084938B /* Telesapp.app */,
			);
			name = Products;
			sourceTree = "<group>";
		};
		87ECC88E29EFD8B20084938B /* Telesapp */ = {
			isa = PBXGroup;
			children = (
				87ECC8A729EFD9330084938B /* Views */,
				87ECC8A629EFD9270084938B /* Controllers */,
				87ECC8A529EFD91B0084938B /* Resources */,
				87ECC8A429EFD9130084938B /* ViewModels */,
				87ECC8A329EFD90C0084938B /* Models */,
				87ECC89D29EFD8B20084938B /* Info.plist */,
			);
			path = Telesapp;
			sourceTree = "<group>";
		};
		87ECC8A329EFD90C0084938B /* Models */ = {
			isa = PBXGroup;
			children = (
			);
			path = Models;
			sourceTree = "<group>";
		};
		87ECC8A429EFD9130084938B /* ViewModels */ = {
			isa = PBXGroup;
			children = (
			);
			path = ViewModels;
			sourceTree = "<group>";
		};
		87ECC8A529EFD91B0084938B /* Resources */ = {
			isa = PBXGroup;
			children = (
				87ECC88F29EFD8B20084938B /* AppDelegate.swift */,
				87ECC89129EFD8B20084938B /* SceneDelegate.swift */,
				87ECC8BD29EFDAE00084938B /* Extension.swift */,
				87ECC8BF29EFDAFE0084938B /* DatabaseManager.swift */,
				87ECC8C129EFDB130084938B /* StorageManager.swift */,
			);
			path = Resources;
			sourceTree = "<group>";
		};
		87ECC8A629EFD9270084938B /* Controllers */ = {
			isa = PBXGroup;
			children = (
				87ECC8B429EFDA290084938B /* ChatViewController.swift */,
				87ECC8B229EFDA170084938B /* PhotoViewerViewController.swift */,
				87ECC89329EFD8B20084938B /* ConversationsViewController.swift */,
				87ECC8AC29EFD9D60084938B /* VideoPlayerViewController.swift */,
				87ECC8AE29EFD9EB0084938B /* NewConversationViewController.swift */,
				87ECC8B029EFD9FF0084938B /* ProfileViewController.swift */,
				87ECC8BB29EFDAB70084938B /* Login */,
			);
			path = Controllers;
			sourceTree = "<group>";
		};
		87ECC8A729EFD9330084938B /* Views */ = {
			isa = PBXGroup;
			children = (
				87ECC8B829EFDA800084938B /* NewConversationCell.swift */,
				87ECC8B629EFDA660084938B /* ConversationTableViewCell.swift */,
				87ECC8BC29EFDAC90084938B /* Storyboard */,
				87ECC89829EFD8B20084938B /* Assets.xcassets */,
			);
			path = Views;
			sourceTree = "<group>";
		};
		87ECC8BB29EFDAB70084938B /* Login */ = {
			isa = PBXGroup;
			children = (
				87ECC8A829EFD9900084938B /* LoginViewController.swift */,
				87ECC8AA29EFD9B20084938B /* RegisterViewController.swift */,
			);
			path = Login;
			sourceTree = "<group>";
		};
		87ECC8BC29EFDAC90084938B /* Storyboard */ = {
			isa = PBXGroup;
			children = (
				87ECC89529EFD8B20084938B /* Main.storyboard */,
				87ECC89A29EFD8B20084938B /* LaunchScreen.storyboard */,
			);
			path = Storyboard;
			sourceTree = "<group>";
		};
/* End PBXGroup section */

/* Begin PBXNativeTarget section */
		87ECC88B29EFD8B20084938B /* Telesapp */ = {
			isa = PBXNativeTarget;
			buildConfigurationList = 87ECC8A029EFD8B20084938B /* Build configuration list for PBXNativeTarget "Telesapp" */;
			buildPhases = (
				87ECC88829EFD8B20084938B /* Sources */,
				87ECC88929EFD8B20084938B /* Frameworks */,
				87ECC88A29EFD8B20084938B /* Resources */,
			);
			buildRules = (
			);
			dependencies = (
			);
			name = Telesapp;
			productName = Telesapp;
			productReference = 87ECC88C29EFD8B20084938B /* Telesapp.app */;
			productType = "com.apple.product-type.application";
		};
/* End PBXNativeTarget section */

/* Begin PBXProject section */
		87ECC88429EFD8B20084938B /* Project object */ = {
			isa = PBXProject;
			attributes = {
				BuildIndependentTargetsInParallel = 1;
				LastSwiftUpdateCheck = 1430;
				LastUpgradeCheck = 1430;
				TargetAttributes = {
					87ECC88B29EFD8B20084938B = {
						CreatedOnToolsVersion = 14.3;
					};
				};
			};
			buildConfigurationList = 87ECC88729EFD8B20084938B /* Build configuration list for PBXProject "Telesapp" */;
			compatibilityVersion = "Xcode 14.0";
			developmentRegion = en;
			hasScannedForEncodings = 0;
			knownRegions = (
				en,
				Base,
			);
			mainGroup = 87ECC88329EFD8B20084938B;
			productRefGroup = 87ECC88D29EFD8B20084938B /* Products */;
			projectDirPath = "";
			projectRoot = "";
			targets = (
				87ECC88B29EFD8B20084938B /* Telesapp */,
			);
		};
/* End PBXProject section */

/* Begin PBXResourcesBuildPhase section */
		87ECC88A29EFD8B20084938B /* Resources */ = {
			isa = PBXResourcesBuildPhase;
			buildActionMask = 2147483647;
			files = (
				87ECC89C29EFD8B20084938B /* LaunchScreen.storyboard in Resources */,
				87ECC89929EFD8B20084938B /* Assets.xcassets in Resources */,
				87ECC89729EFD8B20084938B /* Main.storyboard in Resources */,
			);
			runOnlyForDeploymentPostprocessing = 0;
		};
/* End PBXResourcesBuildPhase section */

/* Begin PBXSourcesBuildPhase section */
		87ECC88829EFD8B20084938B /* Sources */ = {
			isa = PBXSourcesBuildPhase;
			buildActionMask = 2147483647;
			files = (
				87ECC8A929EFD9900084938B /* LoginViewController.swift in Sources */,
				87ECC8B929EFDA800084938B /* NewConversationCell.swift in Sources */,
				87ECC8AF29EFD9EB0084938B /* NewConversationViewController.swift in Sources */,
				87ECC8AB29EFD9B20084938B /* RegisterViewController.swift in Sources */,
				87ECC89429EFD8B20084938B /* ConversationsViewController.swift in Sources */,
				87ECC8AD29EFD9D60084938B /* VideoPlayerViewController.swift in Sources */,
				87ECC8C029EFDAFE0084938B /* DatabaseManager.swift in Sources */,
				87ECC8B729EFDA660084938B /* ConversationTableViewCell.swift in Sources */,
				87ECC89029EFD8B20084938B /* AppDelegate.swift in Sources */,
				87ECC8B129EFD9FF0084938B /* ProfileViewController.swift in Sources */,
				87ECC8BE29EFDAE00084938B /* Extension.swift in Sources */,
				87ECC89229EFD8B20084938B /* SceneDelegate.swift in Sources */,
				87ECC8C229EFDB130084938B /* StorageManager.swift in Sources */,
				87ECC8B529EFDA290084938B /* ChatViewController.swift in Sources */,
				87ECC8B329EFDA170084938B /* PhotoViewerViewController.swift in Sources */,
			);
			runOnlyForDeploymentPostprocessing = 0;
		};
/* End PBXSourcesBuildPhase section */

/* Begin PBXVariantGroup section */
		87ECC89529EFD8B20084938B /* Main.storyboard */ = {
			isa = PBXVariantGroup;
			children = (
				87ECC89629EFD8B20084938B /* Base */,
			);
			name = Main.storyboard;
			sourceTree = "<group>";
		};
		87ECC89A29EFD8B20084938B /* LaunchScreen.storyboard */ = {
			isa = PBXVariantGroup;
			children = (
				87ECC89B29EFD8B20084938B /* Base */,
			);
			name = LaunchScreen.storyboard;
			sourceTree = "<group>";
		};
/* End PBXVariantGroup section */

/* Begin XCBuildConfiguration section */
		87ECC89E29EFD8B20084938B /* Debug */ = {
			isa = XCBuildConfiguration;
			buildSettings = {
				ALWAYS_SEARCH_USER_PATHS = NO;
				CLANG_ANALYZER_NONNULL = YES;
				CLANG_ANALYZER_NUMBER_OBJECT_CONVERSION = YES_AGGRESSIVE;
				CLANG_CXX_LANGUAGE_STANDARD = "gnu++20";
				CLANG_ENABLE_MODULES = YES;
				CLANG_ENABLE_OBJC_ARC = YES;
				CLANG_ENABLE_OBJC_WEAK = YES;
				CLANG_WARN_BLOCK_CAPTURE_AUTORELEASING = YES;
				CLANG_WARN_BOOL_CONVERSION = YES;
				CLANG_WARN_COMMA = YES;
				CLANG_WARN_CONSTANT_CONVERSION = YES;
				CLANG_WARN_DEPRECATED_OBJC_IMPLEMENTATIONS = YES;
				CLANG_WARN_DIRECT_OBJC_ISA_USAGE = YES_ERROR;
				CLANG_WARN_DOCUMENTATION_COMMENTS = YES;
				CLANG_WARN_EMPTY_BODY = YES;
				CLANG_WARN_ENUM_CONVERSION = YES;
				CLANG_WARN_INFINITE_RECURSION = YES;
				CLANG_WARN_INT_CONVERSION = YES;
				CLANG_WARN_NON_LITERAL_NULL_CONVERSION = YES;
				CLANG_WARN_OBJC_IMPLICIT_RETAIN_SELF = YES;
				CLANG_WARN_OBJC_LITERAL_CONVERSION = YES;
				CLANG_WARN_OBJC_ROOT_CLASS = YES_ERROR;
				CLANG_WARN_QUOTED_INCLUDE_IN_FRAMEWORK_HEADER = YES;
				CLANG_WARN_RANGE_LOOP_ANALYSIS = YES;
				CLANG_WARN_STRICT_PROTOTYPES = YES;
				CLANG_WARN_SUSPICIOUS_MOVE = YES;
				CLANG_WARN_UNGUARDED_AVAILABILITY = YES_AGGRESSIVE;
				CLANG_WARN_UNREACHABLE_CODE = YES;
				CLANG_WARN__DUPLICATE_METHOD_MATCH = YES;
				COPY_PHASE_STRIP = NO;
				DEBUG_INFORMATION_FORMAT = dwarf;
				ENABLE_STRICT_OBJC_MSGSEND = YES;
				ENABLE_TESTABILITY = YES;
				GCC_C_LANGUAGE_STANDARD = gnu11;
				GCC_DYNAMIC_NO_PIC = NO;
				GCC_NO_COMMON_BLOCKS = YES;
				GCC_OPTIMIZATION_LEVEL = 0;
				GCC_PREPROCESSOR_DEFINITIONS = (
					"DEBUG=1",
					"$(inherited)",
				);
				GCC_WARN_64_TO_32_BIT_CONVERSION = YES;
				GCC_WARN_ABOUT_RETURN_TYPE = YES_ERROR;
				GCC_WARN_UNDECLARED_SELECTOR = YES;
				GCC_WARN_UNINITIALIZED_AUTOS = YES_AGGRESSIVE;
				GCC_WARN_UNUSED_FUNCTION = YES;
				GCC_WARN_UNUSED_VARIABLE = YES;
				IPHONEOS_DEPLOYMENT_TARGET = 16.4;
				MTL_ENABLE_DEBUG_INFO = INCLUDE_SOURCE;
				MTL_FAST_MATH = YES;
				ONLY_ACTIVE_ARCH = YES;
				SDKROOT = iphoneos;
				SWIFT_ACTIVE_COMPILATION_CONDITIONS = DEBUG;
				SWIFT_OPTIMIZATION_LEVEL = "-Onone";
			};
			name = Debug;
		};
		87ECC89F29EFD8B20084938B /* Release */ = {
			isa = XCBuildConfiguration;
			buildSettings = {
				ALWAYS_SEARCH_USER_PATHS = NO;
				CLANG_ANALYZER_NONNULL = YES;
				CLANG_ANALYZER_NUMBER_OBJECT_CONVERSION = YES_AGGRESSIVE;
				CLANG_CXX_LANGUAGE_STANDARD = "gnu++20";
				CLANG_ENABLE_MODULES = YES;
				CLANG_ENABLE_OBJC_ARC = YES;
				CLANG_ENABLE_OBJC_WEAK = YES;
				CLANG_WARN_BLOCK_CAPTURE_AUTORELEASING = YES;
				CLANG_WARN_BOOL_CONVERSION = YES;
				CLANG_WARN_COMMA = YES;
				CLANG_WARN_CONSTANT_CONVERSION = YES;
				CLANG_WARN_DEPRECATED_OBJC_IMPLEMENTATIONS = YES;
				CLANG_WARN_DIRECT_OBJC_ISA_USAGE = YES_ERROR;
				CLANG_WARN_DOCUMENTATION_COMMENTS = YES;
				CLANG_WARN_EMPTY_BODY = YES;
				CLANG_WARN_ENUM_CONVERSION = YES;
				CLANG_WARN_INFINITE_RECURSION = YES;
				CLANG_WARN_INT_CONVERSION = YES;
				CLANG_WARN_NON_LITERAL_NULL_CONVERSION = YES;
				CLANG_WARN_OBJC_IMPLICIT_RETAIN_SELF = YES;
				CLANG_WARN_OBJC_LITERAL_CONVERSION = YES;
				CLANG_WARN_OBJC_ROOT_CLASS = YES_ERROR;
				CLANG_WARN_QUOTED_INCLUDE_IN_FRAMEWORK_HEADER = YES;
				CLANG_WARN_RANGE_LOOP_ANALYSIS = YES;
				CLANG_WARN_STRICT_PROTOTYPES = YES;
				CLANG_WARN_SUSPICIOUS_MOVE = YES;
				CLANG_WARN_UNGUARDED_AVAILABILITY = YES_AGGRESSIVE;
				CLANG_WARN_UNREACHABLE_CODE = YES;
				CLANG_WARN__DUPLICATE_METHOD_MATCH = YES;
				COPY_PHASE_STRIP = NO;
				DEBUG_INFORMATION_FORMAT = "dwarf-with-dsym";
				ENABLE_NS_ASSERTIONS = NO;
				ENABLE_STRICT_OBJC_MSGSEND = YES;
				GCC_C_LANGUAGE_STANDARD = gnu11;
				GCC_NO_COMMON_BLOCKS = YES;
				GCC_WARN_64_TO_32_BIT_CONVERSION = YES;
				GCC_WARN_ABOUT_RETURN_TYPE = YES_ERROR;
				GCC_WARN_UNDECLARED_SELECTOR = YES;
				GCC_WARN_UNINITIALIZED_AUTOS = YES_AGGRESSIVE;
				GCC_WARN_UNUSED_FUNCTION = YES;
				GCC_WARN_UNUSED_VARIABLE = YES;
				IPHONEOS_DEPLOYMENT_TARGET = 16.4;
				MTL_ENABLE_DEBUG_INFO = NO;
				MTL_FAST_MATH = YES;
				SDKROOT = iphoneos;
				SWIFT_COMPILATION_MODE = wholemodule;
				SWIFT_OPTIMIZATION_LEVEL = "-O";
				VALIDATE_PRODUCT = YES;
			};
			name = Release;
		};
		87ECC8A129EFD8B20084938B /* Debug */ = {
			isa = XCBuildConfiguration;
			buildSettings = {
				ASSETCATALOG_COMPILER_APPICON_NAME = AppIcon;
				ASSETCATALOG_COMPILER_GLOBAL_ACCENT_COLOR_NAME = AccentColor;
				CODE_SIGN_STYLE = Automatic;
				CURRENT_PROJECT_VERSION = 1;
				GENERATE_INFOPLIST_FILE = YES;
				INFOPLIST_FILE = Telesapp/Info.plist;
				INFOPLIST_KEY_UIApplicationSupportsIndirectInputEvents = YES;
				INFOPLIST_KEY_UILaunchStoryboardName = LaunchScreen;
				INFOPLIST_KEY_UIMainStoryboardFile = Main;
				INFOPLIST_KEY_UISupportedInterfaceOrientations_iPad = "UIInterfaceOrientationPortrait UIInterfaceOrientationPortraitUpsideDown UIInterfaceOrientationLandscapeLeft UIInterfaceOrientationLandscapeRight";
				INFOPLIST_KEY_UISupportedInterfaceOrientations_iPhone = "UIInterfaceOrientationPortrait UIInterfaceOrientationLandscapeLeft UIInterfaceOrientationLandscapeRight";
				LD_RUNPATH_SEARCH_PATHS = (
					"$(inherited)",
					"@executable_path/Frameworks",
				);
				MARKETING_VERSION = 1.0;
				PRODUCT_BUNDLE_IDENTIFIER = com.appchannel.Telesapp;
				PRODUCT_NAME = "$(TARGET_NAME)";
				SWIFT_EMIT_LOC_STRINGS = YES;
				SWIFT_VERSION = 5.0;
				TARGETED_DEVICE_FAMILY = "1,2";
			};
			name = Debug;
		};
		87ECC8A229EFD8B20084938B /* Release */ = {
			isa = XCBuildConfiguration;
			buildSettings = {
				ASSETCATALOG_COMPILER_APPICON_NAME = AppIcon;
				ASSETCATALOG_COMPILER_GLOBAL_ACCENT_COLOR_NAME = AccentColor;
				CODE_SIGN_STYLE = Automatic;
				CURRENT_PROJECT_VERSION = 1;
				GENERATE_INFOPLIST_FILE = YES;
				INFOPLIST_FILE = Telesapp/Info.plist;
				INFOPLIST_KEY_UIApplicationSupportsIndirectInputEvents = YES;
				INFOPLIST_KEY_UILaunchStoryboardName = LaunchScreen;
				INFOPLIST_KEY_UIMainStoryboardFile = Main;
				INFOPLIST_KEY_UISupportedInterfaceOrientations_iPad = "UIInterfaceOrientationPortrait UIInterfaceOrientationPortraitUpsideDown UIInterfaceOrientationLandscapeLeft UIInterfaceOrientationLandscapeRight";
				INFOPLIST_KEY_UISupportedInterfaceOrientations_iPhone = "UIInterfaceOrientationPortrait UIInterfaceOrientationLandscapeLeft UIInterfaceOrientationLandscapeRight";
				LD_RUNPATH_SEARCH_PATHS = (
					"$(inherited)",
					"@executable_path/Frameworks",
				);
				MARKETING_VERSION = 1.0;
				PRODUCT_BUNDLE_IDENTIFIER = com.appchannel.Telesapp;
				PRODUCT_NAME = "$(TARGET_NAME)";
				SWIFT_EMIT_LOC_STRINGS = YES;
				SWIFT_VERSION = 5.0;
				TARGETED_DEVICE_FAMILY = "1,2";
			};
			name = Release;
		};
/* End XCBuildConfiguration section */

/* Begin XCConfigurationList section */
		87ECC88729EFD8B20084938B /* Build configuration list for PBXProject "Telesapp" */ = {
			isa = XCConfigurationList;
			buildConfigurations = (
				87ECC89E29EFD8B20084938B /* Debug */,
				87ECC89F29EFD8B20084938B /* Release */,
			);
			defaultConfigurationIsVisible = 0;
			defaultConfigurationName = Release;
		};
		87ECC8A029EFD8B20084938B /* Build configuration list for PBXNativeTarget "Telesapp" */ = {
			isa = XCConfigurationList;
			buildConfigurations = (
				87ECC8A129EFD8B20084938B /* Debug */,
				87ECC8A229EFD8B20084938B /* Release */,
			);
			defaultConfigurationIsVisible = 0;
			defaultConfigurationName = Release;
		};
/* End XCConfigurationList section */
	};
	rootObject = 87ECC88429EFD8B20084938B /* Project object */;
}
